// !$*UTF8*$!
{
	archiveVersion = 1;
	classes = {
	};
	objectVersion = 56;
	objects = {

/* Begin PBXBuildFile section */
		BDC9122F2A81FA3F00F01CB9 /* WeatherManager.swift in Sources */ = {isa = PBXBuildFile; fileRef = BDC9122E2A81FA3F00F01CB9 /* WeatherManager.swift */; };
		BDC912312A81FA4A00F01CB9 /* WeatherData.swift in Sources */ = {isa = PBXBuildFile; fileRef = BDC912302A81FA4A00F01CB9 /* WeatherData.swift */; };
		BDC912332A81FA5900F01CB9 /* WeatherModel.swift in Sources */ = {isa = PBXBuildFile; fileRef = BDC912322A81FA5900F01CB9 /* WeatherModel.swift */; };
		BDE98EFD2A81C073004F83E3 /* AppDelegate.swift in Sources */ = {isa = PBXBuildFile; fileRef = BDE98EFC2A81C073004F83E3 /* AppDelegate.swift */; };
		BDE98EFF2A81C073004F83E3 /* SceneDelegate.swift in Sources */ = {isa = PBXBuildFile; fileRef = BDE98EFE2A81C073004F83E3 /* SceneDelegate.swift */; };
		BDE98F012A81C073004F83E3 /* WeatherViewController.swift in Sources */ = {isa = PBXBuildFile; fileRef = BDE98F002A81C073004F83E3 /* WeatherViewController.swift */; };
		BDE98F042A81C073004F83E3 /* Main.storyboard in Resources */ = {isa = PBXBuildFile; fileRef = BDE98F022A81C073004F83E3 /* Main.storyboard */; };
		BDE98F072A81C073004F83E3 /* Today_sClimate.xcdatamodeld in Sources */ = {isa = PBXBuildFile; fileRef = BDE98F052A81C073004F83E3 /* Today_sClimate.xcdatamodeld */; };
		BDE98F092A81C075004F83E3 /* Assets.xcassets in Resources */ = {isa = PBXBuildFile; fileRef = BDE98F082A81C075004F83E3 /* Assets.xcassets */; };
		BDE98F0C2A81C075004F83E3 /* LaunchScreen.storyboard in Resources */ = {isa = PBXBuildFile; fileRef = BDE98F0A2A81C075004F83E3 /* LaunchScreen.storyboard */; };
/* End PBXBuildFile section */

/* Begin PBXFileReference section */
		BDC9122E2A81FA3F00F01CB9 /* WeatherManager.swift */ = {isa = PBXFileReference; lastKnownFileType = sourcecode.swift; path = WeatherManager.swift; sourceTree = "<group>"; };
		BDC912302A81FA4A00F01CB9 /* WeatherData.swift */ = {isa = PBXFileReference; lastKnownFileType = sourcecode.swift; path = WeatherData.swift; sourceTree = "<group>"; };
		BDC912322A81FA5900F01CB9 /* WeatherModel.swift */ = {isa = PBXFileReference; lastKnownFileType = sourcecode.swift; path = WeatherModel.swift; sourceTree = "<group>"; };
		BDE98EF92A81C073004F83E3 /* Today'sClimate.app */ = {isa = PBXFileReference; explicitFileType = wrapper.application; includeInIndex = 0; path = "Today'sClimate.app"; sourceTree = BUILT_PRODUCTS_DIR; };
		BDE98EFC2A81C073004F83E3 /* AppDelegate.swift */ = {isa = PBXFileReference; lastKnownFileType = sourcecode.swift; path = AppDelegate.swift; sourceTree = "<group>"; };
		BDE98EFE2A81C073004F83E3 /* SceneDelegate.swift */ = {isa = PBXFileReference; lastKnownFileType = sourcecode.swift; path = SceneDelegate.swift; sourceTree = "<group>"; };
		BDE98F002A81C073004F83E3 /* WeatherViewController.swift */ = {isa = PBXFileReference; lastKnownFileType = sourcecode.swift; path = WeatherViewController.swift; sourceTree = "<group>"; };
		BDE98F032A81C073004F83E3 /* Base */ = {isa = PBXFileReference; lastKnownFileType = file.storyboard; name = Base; path = Base.lproj/Main.storyboard; sourceTree = "<group>"; };
		BDE98F062A81C073004F83E3 /* Today_sClimate.xcdatamodel */ = {isa = PBXFileReference; lastKnownFileType = wrapper.xcdatamodel; path = Today_sClimate.xcdatamodel; sourceTree = "<group>"; };
		BDE98F082A81C075004F83E3 /* Assets.xcassets */ = {isa = PBXFileReference; lastKnownFileType = folder.assetcatalog; path = Assets.xcassets; sourceTree = "<group>"; };
		BDE98F0B2A81C075004F83E3 /* Base */ = {isa = PBXFileReference; lastKnownFileType = file.storyboard; name = Base; path = Base.lproj/LaunchScreen.storyboard; sourceTree = "<group>"; };
		BDE98F0D2A81C075004F83E3 /* Info.plist */ = {isa = PBXFileReference; lastKnownFileType = text.plist.xml; path = Info.plist; sourceTree = "<group>"; };
/* End PBXFileReference section */

/* Begin PBXFrameworksBuildPhase section */
		BDE98EF62A81C073004F83E3 /* Frameworks */ = {
			isa = PBXFrameworksBuildPhase;
			buildActionMask = 2147483647;
			files = (
			);
			runOnlyForDeploymentPostprocessing = 0;
		};
/* End PBXFrameworksBuildPhase section */

/* Begin PBXGroup section */
		BDE98EF02A81C073004F83E3 = {
			isa = PBXGroup;
			children = (
				BDE98EFB2A81C073004F83E3 /* Today'sClimate */,
				BDE98EFA2A81C073004F83E3 /* Products */,
			);
			sourceTree = "<group>";
		};
		BDE98EFA2A81C073004F83E3 /* Products */ = {
			isa = PBXGroup;
			children = (
				BDE98EF92A81C073004F83E3 /* Today'sClimate.app */,
			);
			name = Products;
			sourceTree = "<group>";
		};
		BDE98EFB2A81C073004F83E3 /* Today'sClimate */ = {
			isa = PBXGroup;
			children = (
				BDE98EFC2A81C073004F83E3 /* AppDelegate.swift */,
				BDE98EFE2A81C073004F83E3 /* SceneDelegate.swift */,
				BDE98F152A81C0BE004F83E3 /* Model */,
				BDE98F142A81C0BA004F83E3 /* View */,
				BDE98F132A81C0B2004F83E3 /* Controller */,
				BDE98F082A81C075004F83E3 /* Assets.xcassets */,
				BDE98F0A2A81C075004F83E3 /* LaunchScreen.storyboard */,
				BDE98F0D2A81C075004F83E3 /* Info.plist */,
				BDE98F052A81C073004F83E3 /* Today_sClimate.xcdatamodeld */,
			);
			path = "Today'sClimate";
			sourceTree = "<group>";
		};
		BDE98F132A81C0B2004F83E3 /* Controller */ = {
			isa = PBXGroup;
			children = (
				BDE98F002A81C073004F83E3 /* WeatherViewController.swift */,
			);
			path = Controller;
			sourceTree = "<group>";
		};
		BDE98F142A81C0BA004F83E3 /* View */ = {
			isa = PBXGroup;
			children = (
				BDE98F022A81C073004F83E3 /* Main.storyboard */,
			);
			path = View;
			sourceTree = "<group>";
		};
		BDE98F152A81C0BE004F83E3 /* Model */ = {
			isa = PBXGroup;
			children = (
				BDC9122E2A81FA3F00F01CB9 /* WeatherManager.swift */,
				BDC912302A81FA4A00F01CB9 /* WeatherData.swift */,
				BDC912322A81FA5900F01CB9 /* WeatherModel.swift */,
			);
			path = Model;
			sourceTree = "<group>";
		};
/* End PBXGroup section */

/* Begin PBXNativeTarget section */
		BDE98EF82A81C073004F83E3 /* Today'sClimate */ = {
			isa = PBXNativeTarget;
			buildConfigurationList = BDE98F102A81C075004F83E3 /* Build configuration list for PBXNativeTarget "Today'sClimate" */;
			buildPhases = (
				BDE98EF52A81C073004F83E3 /* Sources */,
				BDE98EF62A81C073004F83E3 /* Frameworks */,
				BDE98EF72A81C073004F83E3 /* Resources */,
			);
			buildRules = (
			);
			dependencies = (
			);
			name = "Today'sClimate";
			productName = "Today'sClimate";
			productReference = BDE98EF92A81C073004F83E3 /* Today'sClimate.app */;
			productType = "com.apple.product-type.application";
		};
/* End PBXNativeTarget section */

/* Begin PBXProject section */
		BDE98EF12A81C073004F83E3 /* Project object */ = {
			isa = PBXProject;
			attributes = {
				BuildIndependentTargetsInParallel = 1;
				LastSwiftUpdateCheck = 1430;
				LastUpgradeCheck = 1430;
				TargetAttributes = {
					BDE98EF82A81C073004F83E3 = {
						CreatedOnToolsVersion = 14.3.1;
					};
				};
			};
			buildConfigurationList = BDE98EF42A81C073004F83E3 /* Build configuration list for PBXProject "Today'sClimate" */;
			compatibilityVersion = "Xcode 14.0";
			developmentRegion = en;
			hasScannedForEncodings = 0;
			knownRegions = (
				en,
				Base,
			);
			mainGroup = BDE98EF02A81C073004F83E3;
			productRefGroup = BDE98EFA2A81C073004F83E3 /* Products */;
			projectDirPath = "";
			projectRoot = "";
			targets = (
				BDE98EF82A81C073004F83E3 /* Today'sClimate */,
			);
		};
/* End PBXProject section */

/* Begin PBXResourcesBuildPhase section */
		BDE98EF72A81C073004F83E3 /* Resources */ = {
			isa = PBXResourcesBuildPhase;
			buildActionMask = 2147483647;
			files = (
				BDE98F0C2A81C075004F83E3 /* LaunchScreen.storyboard in Resources */,
				BDE98F092A81C075004F83E3 /* Assets.xcassets in Resources */,
				BDE98F042A81C073004F83E3 /* Main.storyboard in Resources */,
			);
			runOnlyForDeploymentPostprocessing = 0;
		};
/* End PBXResourcesBuildPhase section */

/* Begin PBXSourcesBuildPhase section */
		BDE98EF52A81C073004F83E3 /* Sources */ = {
			isa = PBXSourcesBuildPhase;
			buildActionMask = 2147483647;
			files = (
				BDE98F012A81C073004F83E3 /* WeatherViewController.swift in Sources */,
				BDE98F072A81C073004F83E3 /* Today_sClimate.xcdatamodeld in Sources */,
				BDC9122F2A81FA3F00F01CB9 /* WeatherManager.swift in Sources */,
				BDC912332A81FA5900F01CB9 /* WeatherModel.swift in Sources */,
				BDE98EFD2A81C073004F83E3 /* AppDelegate.swift in Sources */,
				BDC912312A81FA4A00F01CB9 /* WeatherData.swift in Sources */,
				BDE98EFF2A81C073004F83E3 /* SceneDelegate.swift in Sources */,
			);
			runOnlyForDeploymentPostprocessing = 0;
		};
/* End PBXSourcesBuildPhase section */

/* Begin PBXVariantGroup section */
		BDE98F022A81C073004F83E3 /* Main.storyboard */ = {
			isa = PBXVariantGroup;
			children = (
				BDE98F032A81C073004F83E3 /* Base */,
			);
			name = Main.storyboard;
			sourceTree = "<group>";
		};
		BDE98F0A2A81C075004F83E3 /* LaunchScreen.storyboard */ = {
			isa = PBXVariantGroup;
			children = (
				BDE98F0B2A81C075004F83E3 /* Base */,
			);
			name = LaunchScreen.storyboard;
			sourceTree = "<group>";
		};
/* End PBXVariantGroup section */

/* Begin XCBuildConfiguration section */
		BDE98F0E2A81C075004F83E3 /* Debug */ = {
			isa = XCBuildConfiguration;
			buildSettings = {
				ALWAYS_SEARCH_USER_PATHS = NO;
				CLANG_ANALYZER_NONNULL = YES;
				CLANG_ANALYZER_NUMBER_OBJECT_CONVERSION = YES_AGGRESSIVE;
				CLANG_CXX_LANGUAGE_STANDARD = "gnu++20";
				CLANG_ENABLE_MODULES = YES;
				CLANG_ENABLE_OBJC_ARC = YES;
				CLANG_ENABLE_OBJC_WEAK = YES;
				CLANG_WARN_BLOCK_CAPTURE_AUTORELEASING = YES;
				CLANG_WARN_BOOL_CONVERSION = YES;
				CLANG_WARN_COMMA = YES;
				CLANG_WARN_CONSTANT_CONVERSION = YES;
				CLANG_WARN_DEPRECATED_OBJC_IMPLEMENTATIONS = YES;
				CLANG_WARN_DIRECT_OBJC_ISA_USAGE = YES_ERROR;
				CLANG_WARN_DOCUMENTATION_COMMENTS = YES;
				CLANG_WARN_EMPTY_BODY = YES;
				CLANG_WARN_ENUM_CONVERSION = YES;
				CLANG_WARN_INFINITE_RECURSION = YES;
				CLANG_WARN_INT_CONVERSION = YES;
				CLANG_WARN_NON_LITERAL_NULL_CONVERSION = YES;
				CLANG_WARN_OBJC_IMPLICIT_RETAIN_SELF = YES;
				CLANG_WARN_OBJC_LITERAL_CONVERSION = YES;
				CLANG_WARN_OBJC_ROOT_CLASS = YES_ERROR;
				CLANG_WARN_QUOTED_INCLUDE_IN_FRAMEWORK_HEADER = YES;
				CLANG_WARN_RANGE_LOOP_ANALYSIS = YES;
				CLANG_WARN_STRICT_PROTOTYPES = YES;
				CLANG_WARN_SUSPICIOUS_MOVE = YES;
				CLANG_WARN_UNGUARDED_AVAILABILITY = YES_AGGRESSIVE;
				CLANG_WARN_UNREACHABLE_CODE = YES;
				CLANG_WARN__DUPLICATE_METHOD_MATCH = YES;
				COPY_PHASE_STRIP = NO;
				DEBUG_INFORMATION_FORMAT = dwarf;
				ENABLE_STRICT_OBJC_MSGSEND = YES;
				ENABLE_TESTABILITY = YES;
				GCC_C_LANGUAGE_STANDARD = gnu11;
				GCC_DYNAMIC_NO_PIC = NO;
				GCC_NO_COMMON_BLOCKS = YES;
				GCC_OPTIMIZATION_LEVEL = 0;
				GCC_PREPROCESSOR_DEFINITIONS = (
					"DEBUG=1",
					"$(inherited)",
				);
				GCC_WARN_64_TO_32_BIT_CONVERSION = YES;
				GCC_WARN_ABOUT_RETURN_TYPE = YES_ERROR;
				GCC_WARN_UNDECLARED_SELECTOR = YES;
				GCC_WARN_UNINITIALIZED_AUTOS = YES_AGGRESSIVE;
				GCC_WARN_UNUSED_FUNCTION = YES;
				GCC_WARN_UNUSED_VARIABLE = YES;
				IPHONEOS_DEPLOYMENT_TARGET = 16.4;
				MTL_ENABLE_DEBUG_INFO = INCLUDE_SOURCE;
				MTL_FAST_MATH = YES;
				ONLY_ACTIVE_ARCH = YES;
				SDKROOT = iphoneos;
				SWIFT_ACTIVE_COMPILATION_CONDITIONS = DEBUG;
				SWIFT_OPTIMIZATION_LEVEL = "-Onone";
			};
			name = Debug;
		};
		BDE98F0F2A81C075004F83E3 /* Release */ = {
			isa = XCBuildConfiguration;
			buildSettings = {
				ALWAYS_SEARCH_USER_PATHS = NO;
				CLANG_ANALYZER_NONNULL = YES;
				CLANG_ANALYZER_NUMBER_OBJECT_CONVERSION = YES_AGGRESSIVE;
				CLANG_CXX_LANGUAGE_STANDARD = "gnu++20";
				CLANG_ENABLE_MODULES = YES;
				CLANG_ENABLE_OBJC_ARC = YES;
				CLANG_ENABLE_OBJC_WEAK = YES;
				CLANG_WARN_BLOCK_CAPTURE_AUTORELEASING = YES;
				CLANG_WARN_BOOL_CONVERSION = YES;
				CLANG_WARN_COMMA = YES;
				CLANG_WARN_CONSTANT_CONVERSION = YES;
				CLANG_WARN_DEPRECATED_OBJC_IMPLEMENTATIONS = YES;
				CLANG_WARN_DIRECT_OBJC_ISA_USAGE = YES_ERROR;
				CLANG_WARN_DOCUMENTATION_COMMENTS = YES;
				CLANG_WARN_EMPTY_BODY = YES;
				CLANG_WARN_ENUM_CONVERSION = YES;
				CLANG_WARN_INFINITE_RECURSION = YES;
				CLANG_WARN_INT_CONVERSION = YES;
				CLANG_WARN_NON_LITERAL_NULL_CONVERSION = YES;
				CLANG_WARN_OBJC_IMPLICIT_RETAIN_SELF = YES;
				CLANG_WARN_OBJC_LITERAL_CONVERSION = YES;
				CLANG_WARN_OBJC_ROOT_CLASS = YES_ERROR;
				CLANG_WARN_QUOTED_INCLUDE_IN_FRAMEWORK_HEADER = YES;
				CLANG_WARN_RANGE_LOOP_ANALYSIS = YES;
				CLANG_WARN_STRICT_PROTOTYPES = YES;
				CLANG_WARN_SUSPICIOUS_MOVE = YES;
				CLANG_WARN_UNGUARDED_AVAILABILITY = YES_AGGRESSIVE;
				CLANG_WARN_UNREACHABLE_CODE = YES;
				CLANG_WARN__DUPLICATE_METHOD_MATCH = YES;
				COPY_PHASE_STRIP = NO;
				DEBUG_INFORMATION_FORMAT = "dwarf-with-dsym";
				ENABLE_NS_ASSERTIONS = NO;
				ENABLE_STRICT_OBJC_MSGSEND = YES;
				GCC_C_LANGUAGE_STANDARD = gnu11;
				GCC_NO_COMMON_BLOCKS = YES;
				GCC_WARN_64_TO_32_BIT_CONVERSION = YES;
				GCC_WARN_ABOUT_RETURN_TYPE = YES_ERROR;
				GCC_WARN_UNDECLARED_SELECTOR = YES;
				GCC_WARN_UNINITIALIZED_AUTOS = YES_AGGRESSIVE;
				GCC_WARN_UNUSED_FUNCTION = YES;
				GCC_WARN_UNUSED_VARIABLE = YES;
				IPHONEOS_DEPLOYMENT_TARGET = 16.4;
				MTL_ENABLE_DEBUG_INFO = NO;
				MTL_FAST_MATH = YES;
				SDKROOT = iphoneos;
				SWIFT_COMPILATION_MODE = wholemodule;
				SWIFT_OPTIMIZATION_LEVEL = "-O";
				VALIDATE_PRODUCT = YES;
			};
			name = Release;
		};
		BDE98F112A81C075004F83E3 /* Debug */ = {
			isa = XCBuildConfiguration;
			buildSettings = {
				ASSETCATALOG_COMPILER_APPICON_NAME = AppIcon;
				ASSETCATALOG_COMPILER_GLOBAL_ACCENT_COLOR_NAME = AccentColor;
				CODE_SIGN_STYLE = Automatic;
				CURRENT_PROJECT_VERSION = 1;
				GENERATE_INFOPLIST_FILE = YES;
				INFOPLIST_FILE = "Today'sClimate/Info.plist";
				INFOPLIST_KEY_UIApplicationSupportsIndirectInputEvents = YES;
				INFOPLIST_KEY_UILaunchStoryboardName = LaunchScreen;
				INFOPLIST_KEY_UIMainStoryboardFile = Main;
				INFOPLIST_KEY_UIStatusBarStyle = UIStatusBarStyleLightContent;
				INFOPLIST_KEY_UISupportedInterfaceOrientations = UIInterfaceOrientationPortrait;
				INFOPLIST_KEY_UISupportedInterfaceOrientations_iPad = "UIInterfaceOrientationLandscapeLeft UIInterfaceOrientationLandscapeRight UIInterfaceOrientationPortrait UIInterfaceOrientationPortraitUpsideDown";
				IPHONEOS_DEPLOYMENT_TARGET = 13.0;
				LD_RUNPATH_SEARCH_PATHS = (
					"$(inherited)",
					"@executable_path/Frameworks",
				);
				MARKETING_VERSION = 1.0;
				PRODUCT_BUNDLE_IDENTIFIER = "com.emptyhead.Today-sClimate";
				PRODUCT_NAME = "$(TARGET_NAME)";
				SWIFT_EMIT_LOC_STRINGS = YES;
				SWIFT_VERSION = 5.0;
				TARGETED_DEVICE_FAMILY = "1,2";
			};
			name = Debug;
		};
		BDE98F122A81C075004F83E3 /* Release */ = {
			isa = XCBuildConfiguration;
			buildSettings = {
				ASSETCATALOG_COMPILER_APPICON_NAME = AppIcon;
				ASSETCATALOG_COMPILER_GLOBAL_ACCENT_COLOR_NAME = AccentColor;
				CODE_SIGN_STYLE = Automatic;
				CURRENT_PROJECT_VERSION = 1;
				GENERATE_INFOPLIST_FILE = YES;
				INFOPLIST_FILE = "Today'sClimate/Info.plist";
				INFOPLIST_KEY_UIApplicationSupportsIndirectInputEvents = YES;
				INFOPLIST_KEY_UILaunchStoryboardName = LaunchScreen;
				INFOPLIST_KEY_UIMainStoryboardFile = Main;
				INFOPLIST_KEY_UIStatusBarStyle = UIStatusBarStyleLightContent;
				INFOPLIST_KEY_UISupportedInterfaceOrientations = UIInterfaceOrientationPortrait;
				INFOPLIST_KEY_UISupportedInterfaceOrientations_iPad = "UIInterfaceOrientationLandscapeLeft UIInterfaceOrientationLandscapeRight UIInterfaceOrientationPortrait UIInterfaceOrientationPortraitUpsideDown";
				IPHONEOS_DEPLOYMENT_TARGET = 13.0;
				LD_RUNPATH_SEARCH_PATHS = (
					"$(inherited)",
					"@executable_path/Frameworks",
				);
				MARKETING_VERSION = 1.0;
				PRODUCT_BUNDLE_IDENTIFIER = "com.emptyhead.Today-sClimate";
				PRODUCT_NAME = "$(TARGET_NAME)";
				SWIFT_EMIT_LOC_STRINGS = YES;
				SWIFT_VERSION = 5.0;
				TARGETED_DEVICE_FAMILY = "1,2";
			};
			name = Release;
		};
/* End XCBuildConfiguration section */

/* Begin XCConfigurationList section */
		BDE98EF42A81C073004F83E3 /* Build configuration list for PBXProject "Today'sClimate" */ = {
			isa = XCConfigurationList;
			buildConfigurations = (
				BDE98F0E2A81C075004F83E3 /* Debug */,
				BDE98F0F2A81C075004F83E3 /* Release */,
			);
			defaultConfigurationIsVisible = 0;
			defaultConfigurationName = Release;
		};
		BDE98F102A81C075004F83E3 /* Build configuration list for PBXNativeTarget "Today'sClimate" */ = {
			isa = XCConfigurationList;
			buildConfigurations = (
				BDE98F112A81C075004F83E3 /* Debug */,
				BDE98F122A81C075004F83E3 /* Release */,
			);
			defaultConfigurationIsVisible = 0;
			defaultConfigurationName = Release;
		};
/* End XCConfigurationList section */

/* Begin XCVersionGroup section */
		BDE98F052A81C073004F83E3 /* Today_sClimate.xcdatamodeld */ = {
			isa = XCVersionGroup;
			children = (
				BDE98F062A81C073004F83E3 /* Today_sClimate.xcdatamodel */,
			);
			currentVersion = BDE98F062A81C073004F83E3 /* Today_sClimate.xcdatamodel */;
			path = Today_sClimate.xcdatamodeld;
			sourceTree = "<group>";
			versionGroupType = wrapper.xcdatamodel;
		};
/* End XCVersionGroup section */
	};
	rootObject = BDE98EF12A81C073004F83E3 /* Project object */;
}
